
Microsoft Visual Studio Solution File, Format Version 12.00
# Visual Studio 15
VisualStudioVersion = 15.0.27130.2036
MinimumVisualStudioVersion = 10.0.40219.1
Project("{2150E333-8FDC-42A3-9474-1A3956D46DE8}") = "UI", "UI", "{39ED7BC1-FCBE-4802-B783-AC9B9425A1E3}"
EndProject
Project("{9A19103F-16F7-4668-BE54-9A1E7A4F7556}") = "DbAccess.NET", "DatabaseAccessor\DbAccess.NET.csproj", "{7A3EC5AD-01C4-4344-A27B-DDA7FE8F569B}"
EndProject
Project("{00D1A9C2-B5F0-4AF3-8072-F6C62B433612}") = "UsersDB", "UsersDB\UsersDB.sqlproj", "{CDA8A007-09A7-4D5F-A10F-9602AF77F19E}"
EndProject
Project("{9A19103F-16F7-4668-BE54-9A1E7A4F7556}") = "AuthAPI", "AuthAPI\AuthAPI.csproj", "{0A3AB837-90EE-4803-982D-FA5F8381AB51}"
EndProject
Project("{9A19103F-16F7-4668-BE54-9A1E7A4F7556}") = "UserManagementAPI", "UserManagementAPI\UserManagementAPI.csproj", "{9479A46F-F571-4C0D-AA65-BC0E856A1FEB}"
EndProject
Project("{9A19103F-16F7-4668-BE54-9A1E7A4F7556}") = "RecipeApi", "RecipeApi\RecipeApi.csproj", "{6167B1B1-E74F-4B59-963E-F37F34ECA1C9}"
EndProject
Project("{9A19103F-16F7-4668-BE54-9A1E7A4F7556}") = "MedicineAPI", "MedecineAPI\MedicineAPI.csproj", "{85651B79-C06E-4FB7-B088-59AC1A98A85B}"
EndProject
Project("{9A19103F-16F7-4668-BE54-9A1E7A4F7556}") = "UserManagementConsumer", "UserManagementConsumer\UserManagementConsumer.csproj", "{8560FA8A-F884-4B92-B1D6-28C2CB511D56}"
EndProject
Project("{00D1A9C2-B5F0-4AF3-8072-F6C62B433612}") = "InstitutionDB", "InstitutionDB\InstitutionDB.sqlproj", "{02F0F536-087F-4449-B3E5-35A8D47B2AFB}"
EndProject
Project("{9A19103F-16F7-4668-BE54-9A1E7A4F7556}") = "InstitutionsAPI", "InstitutionsAPI\InstitutionsAPI.csproj", "{EABF803F-98DF-403B-B23C-103757D19836}"
EndProject
Project("{9A19103F-16F7-4668-BE54-9A1E7A4F7556}") = "InstitutionsClient", "InstitutionsClient\InstitutionsClient.csproj", "{D0634689-E80D-48AA-812E-C07451332815}"
EndProject
Project("{9A19103F-16F7-4668-BE54-9A1E7A4F7556}") = "AuthTokenService", "AuthTokenService\AuthTokenService.csproj", "{9D514F4C-F10E-4E4E-B7F3-D8FF169B0B9D}"
EndProject
Project("{9A19103F-16F7-4668-BE54-9A1E7A4F7556}") = "RecipeClient", "RecipeClient\RecipeClient.csproj", "{7AF54324-ACA3-49FE-9CCF-EAD410B36C83}"
EndProject
Project("{FAE04EC0-301F-11D3-BF4B-00C04F79EFBC}") = "Desktop", "Desktop\Desktop.csproj", "{F3645420-FF07-4E52-82C5-5D3E162E3C18}"
EndProject
Project("{9A19103F-16F7-4668-BE54-9A1E7A4F7556}") = "MedicineApiClient", "MedicineApiClient\MedicineApiClient.csproj", "{036158A8-71A3-4EA4-B55B-AC299101D28B}"
EndProject
Global
	GlobalSection(SolutionConfigurationPlatforms) = preSolution
		Debug|Any CPU = Debug|Any CPU
		Release|Any CPU = Release|Any CPU
	EndGlobalSection
	GlobalSection(ProjectConfigurationPlatforms) = postSolution
		{7A3EC5AD-01C4-4344-A27B-DDA7FE8F569B}.Debug|Any CPU.ActiveCfg = Debug|Any CPU
		{7A3EC5AD-01C4-4344-A27B-DDA7FE8F569B}.Debug|Any CPU.Build.0 = Debug|Any CPU
		{7A3EC5AD-01C4-4344-A27B-DDA7FE8F569B}.Release|Any CPU.ActiveCfg = Release|Any CPU
		{7A3EC5AD-01C4-4344-A27B-DDA7FE8F569B}.Release|Any CPU.Build.0 = Release|Any CPU
		{CDA8A007-09A7-4D5F-A10F-9602AF77F19E}.Debug|Any CPU.ActiveCfg = Debug|Any CPU
		{CDA8A007-09A7-4D5F-A10F-9602AF77F19E}.Debug|Any CPU.Build.0 = Debug|Any CPU
		{CDA8A007-09A7-4D5F-A10F-9602AF77F19E}.Debug|Any CPU.Deploy.0 = Debug|Any CPU
		{CDA8A007-09A7-4D5F-A10F-9602AF77F19E}.Release|Any CPU.ActiveCfg = Release|Any CPU
		{CDA8A007-09A7-4D5F-A10F-9602AF77F19E}.Release|Any CPU.Build.0 = Release|Any CPU
		{CDA8A007-09A7-4D5F-A10F-9602AF77F19E}.Release|Any CPU.Deploy.0 = Release|Any CPU
		{0A3AB837-90EE-4803-982D-FA5F8381AB51}.Debug|Any CPU.ActiveCfg = Debug|Any CPU
		{0A3AB837-90EE-4803-982D-FA5F8381AB51}.Debug|Any CPU.Build.0 = Debug|Any CPU
		{0A3AB837-90EE-4803-982D-FA5F8381AB51}.Release|Any CPU.ActiveCfg = Release|Any CPU
		{0A3AB837-90EE-4803-982D-FA5F8381AB51}.Release|Any CPU.Build.0 = Release|Any CPU
		{9479A46F-F571-4C0D-AA65-BC0E856A1FEB}.Debug|Any CPU.ActiveCfg = Debug|Any CPU
		{9479A46F-F571-4C0D-AA65-BC0E856A1FEB}.Debug|Any CPU.Build.0 = Debug|Any CPU
		{9479A46F-F571-4C0D-AA65-BC0E856A1FEB}.Release|Any CPU.ActiveCfg = Release|Any CPU
		{9479A46F-F571-4C0D-AA65-BC0E856A1FEB}.Release|Any CPU.Build.0 = Release|Any CPU
		{6167B1B1-E74F-4B59-963E-F37F34ECA1C9}.Debug|Any CPU.ActiveCfg = Debug|Any CPU
		{6167B1B1-E74F-4B59-963E-F37F34ECA1C9}.Debug|Any CPU.Build.0 = Debug|Any CPU
		{6167B1B1-E74F-4B59-963E-F37F34ECA1C9}.Release|Any CPU.ActiveCfg = Release|Any CPU
		{6167B1B1-E74F-4B59-963E-F37F34ECA1C9}.Release|Any CPU.Build.0 = Release|Any CPU
		{85651B79-C06E-4FB7-B088-59AC1A98A85B}.Debug|Any CPU.ActiveCfg = Debug|Any CPU
		{85651B79-C06E-4FB7-B088-59AC1A98A85B}.Debug|Any CPU.Build.0 = Debug|Any CPU
		{85651B79-C06E-4FB7-B088-59AC1A98A85B}.Release|Any CPU.ActiveCfg = Release|Any CPU
		{85651B79-C06E-4FB7-B088-59AC1A98A85B}.Release|Any CPU.Build.0 = Release|Any CPU
		{8560FA8A-F884-4B92-B1D6-28C2CB511D56}.Debug|Any CPU.ActiveCfg = Debug|Any CPU
		{8560FA8A-F884-4B92-B1D6-28C2CB511D56}.Debug|Any CPU.Build.0 = Debug|Any CPU
		{8560FA8A-F884-4B92-B1D6-28C2CB511D56}.Release|Any CPU.ActiveCfg = Release|Any CPU
		{8560FA8A-F884-4B92-B1D6-28C2CB511D56}.Release|Any CPU.Build.0 = Release|Any CPU
		{02F0F536-087F-4449-B3E5-35A8D47B2AFB}.Debug|Any CPU.ActiveCfg = Debug|Any CPU
		{02F0F536-087F-4449-B3E5-35A8D47B2AFB}.Debug|Any CPU.Build.0 = Debug|Any CPU
		{02F0F536-087F-4449-B3E5-35A8D47B2AFB}.Debug|Any CPU.Deploy.0 = Debug|Any CPU
		{02F0F536-087F-4449-B3E5-35A8D47B2AFB}.Release|Any CPU.ActiveCfg = Release|Any CPU
		{02F0F536-087F-4449-B3E5-35A8D47B2AFB}.Release|Any CPU.Build.0 = Release|Any CPU
		{02F0F536-087F-4449-B3E5-35A8D47B2AFB}.Release|Any CPU.Deploy.0 = Release|Any CPU
		{EABF803F-98DF-403B-B23C-103757D19836}.Debug|Any CPU.ActiveCfg = Debug|Any CPU
		{EABF803F-98DF-403B-B23C-103757D19836}.Debug|Any CPU.Build.0 = Debug|Any CPU
		{EABF803F-98DF-403B-B23C-103757D19836}.Release|Any CPU.ActiveCfg = Release|Any CPU
		{EABF803F-98DF-403B-B23C-103757D19836}.Release|Any CPU.Build.0 = Release|Any CPU
		{D0634689-E80D-48AA-812E-C07451332815}.Debug|Any CPU.ActiveCfg = Debug|Any CPU
		{D0634689-E80D-48AA-812E-C07451332815}.Debug|Any CPU.Build.0 = Debug|Any CPU
		{D0634689-E80D-48AA-812E-C07451332815}.Release|Any CPU.ActiveCfg = Release|Any CPU
		{D0634689-E80D-48AA-812E-C07451332815}.Release|Any CPU.Build.0 = Release|Any CPU
		{9D514F4C-F10E-4E4E-B7F3-D8FF169B0B9D}.Debug|Any CPU.ActiveCfg = Debug|Any CPU
		{9D514F4C-F10E-4E4E-B7F3-D8FF169B0B9D}.Debug|Any CPU.Build.0 = Debug|Any CPU
		{9D514F4C-F10E-4E4E-B7F3-D8FF169B0B9D}.Release|Any CPU.ActiveCfg = Release|Any CPU
		{9D514F4C-F10E-4E4E-B7F3-D8FF169B0B9D}.Release|Any CPU.Build.0 = Release|Any CPU
		{7AF54324-ACA3-49FE-9CCF-EAD410B36C83}.Debug|Any CPU.ActiveCfg = Debug|Any CPU
		{7AF54324-ACA3-49FE-9CCF-EAD410B36C83}.Debug|Any CPU.Build.0 = Debug|Any CPU
		{7AF54324-ACA3-49FE-9CCF-EAD410B36C83}.Release|Any CPU.ActiveCfg = Release|Any CPU
		{7AF54324-ACA3-49FE-9CCF-EAD410B36C83}.Release|Any CPU.Build.0 = Release|Any CPU
		{F3645420-FF07-4E52-82C5-5D3E162E3C18}.Debug|Any CPU.ActiveCfg = Debug|Any CPU
		{F3645420-FF07-4E52-82C5-5D3E162E3C18}.Debug|Any CPU.Build.0 = Debug|Any CPU
		{F3645420-FF07-4E52-82C5-5D3E162E3C18}.Release|Any CPU.ActiveCfg = Release|Any CPU
		{F3645420-FF07-4E52-82C5-5D3E162E3C18}.Release|Any CPU.Build.0 = Release|Any CPU
		{036158A8-71A3-4EA4-B55B-AC299101D28B}.Debug|Any CPU.ActiveCfg = Debug|Any CPU
		{036158A8-71A3-4EA4-B55B-AC299101D28B}.Debug|Any CPU.Build.0 = Debug|Any CPU
		{036158A8-71A3-4EA4-B55B-AC299101D28B}.Release|Any CPU.ActiveCfg = Release|Any CPU
		{036158A8-71A3-4EA4-B55B-AC299101D28B}.Release|Any CPU.Build.0 = Release|Any CPU
	EndGlobalSection
	GlobalSection(SolutionProperties) = preSolution
		HideSolutionNode = FALSE
	EndGlobalSection
	GlobalSection(NestedProjects) = preSolution
		{F3645420-FF07-4E52-82C5-5D3E162E3C18} = {39ED7BC1-FCBE-4802-B783-AC9B9425A1E3}
	EndGlobalSection
	GlobalSection(ExtensibilityGlobals) = postSolution
		SolutionGuid = {FC9DDD84-600F-4E9F-8ADE-3F9225F4FCBC}
	EndGlobalSection
EndGlobal
